
Microsoft Visual Studio Solution File, Format Version 12.00
# Visual Studio 15
VisualStudioVersion = 15.0.26730.16
MinimumVisualStudioVersion = 10.0.40219.1
Project("{9A19103F-16F7-4668-BE54-9A1E7A4F7556}") = "Dharma.Common", "Dharma.Common\Dharma.Common.csproj", "{F5E11754-7E3E-486E-AC48-DCA2D1233610}"
EndProject
Project("{9A19103F-16F7-4668-BE54-9A1E7A4F7556}") = "Dharma.Common.Tests", "Dharma.Common.Tests\Dharma.Common.Tests.csproj", "{AF866A1C-8E87-46A0-85F7-7D06C30B111B}"
EndProject
Project("{9A19103F-16F7-4668-BE54-9A1E7A4F7556}") = "Dharma.Data.MongoDB", "Dharma.Data.MongoDB\Dharma.Data.MongoDB.csproj", "{CE4D7AAF-D231-4917-84D2-4754A45446ED}"
EndProject
Project("{9A19103F-16F7-4668-BE54-9A1E7A4F7556}") = "Dharma.Data.MongoDB.Tests", "Dharma.Data.MongoDB.Tests\Dharma.Data.MongoDB.Tests.csproj", "{A082F9A5-8937-4F40-8101-A307DFF208C4}"
EndProject
Project("{9A19103F-16F7-4668-BE54-9A1E7A4F7556}") = "Dharma.Application", "Dharma.Application\Dharma.Application.csproj", "{7C56B6D2-E351-448C-B679-CC06C9D94070}"
EndProject
Global
	GlobalSection(SolutionConfigurationPlatforms) = preSolution
		Debug|Any CPU = Debug|Any CPU
		Release|Any CPU = Release|Any CPU
	EndGlobalSection
	GlobalSection(ProjectConfigurationPlatforms) = postSolution
		{F5E11754-7E3E-486E-AC48-DCA2D1233610}.Debug|Any CPU.ActiveCfg = Debug|Any CPU
		{F5E11754-7E3E-486E-AC48-DCA2D1233610}.Debug|Any CPU.Build.0 = Debug|Any CPU
		{F5E11754-7E3E-486E-AC48-DCA2D1233610}.Release|Any CPU.ActiveCfg = Release|Any CPU
		{F5E11754-7E3E-486E-AC48-DCA2D1233610}.Release|Any CPU.Build.0 = Release|Any CPU
		{AF866A1C-8E87-46A0-85F7-7D06C30B111B}.Debug|Any CPU.ActiveCfg = Debug|Any CPU
		{AF866A1C-8E87-46A0-85F7-7D06C30B111B}.Debug|Any CPU.Build.0 = Debug|Any CPU
		{AF866A1C-8E87-46A0-85F7-7D06C30B111B}.Release|Any CPU.ActiveCfg = Release|Any CPU
		{AF866A1C-8E87-46A0-85F7-7D06C30B111B}.Release|Any CPU.Build.0 = Release|Any CPU
		{CE4D7AAF-D231-4917-84D2-4754A45446ED}.Debug|Any CPU.ActiveCfg = Debug|Any CPU
		{CE4D7AAF-D231-4917-84D2-4754A45446ED}.Debug|Any CPU.Build.0 = Debug|Any CPU
		{CE4D7AAF-D231-4917-84D2-4754A45446ED}.Release|Any CPU.ActiveCfg = Release|Any CPU
		{CE4D7AAF-D231-4917-84D2-4754A45446ED}.Release|Any CPU.Build.0 = Release|Any CPU
		{A082F9A5-8937-4F40-8101-A307DFF208C4}.Debug|Any CPU.ActiveCfg = Debug|Any CPU
		{A082F9A5-8937-4F40-8101-A307DFF208C4}.Debug|Any CPU.Build.0 = Debug|Any CPU
		{A082F9A5-8937-4F40-8101-A307DFF208C4}.Release|Any CPU.ActiveCfg = Release|Any CPU
		{A082F9A5-8937-4F40-8101-A307DFF208C4}.Release|Any CPU.Build.0 = Release|Any CPU
		{7C56B6D2-E351-448C-B679-CC06C9D94070}.Debug|Any CPU.ActiveCfg = Debug|Any CPU
		{7C56B6D2-E351-448C-B679-CC06C9D94070}.Debug|Any CPU.Build.0 = Debug|Any CPU
		{7C56B6D2-E351-448C-B679-CC06C9D94070}.Release|Any CPU.ActiveCfg = Release|Any CPU
		{7C56B6D2-E351-448C-B679-CC06C9D94070}.Release|Any CPU.Build.0 = Release|Any CPU
	EndGlobalSection
	GlobalSection(SolutionProperties) = preSolution
		HideSolutionNode = FALSE
	EndGlobalSection
	GlobalSection(ExtensibilityGlobals) = postSolution
		SolutionGuid = {38E87B52-AA78-4951-9FB0-5DEF0665AD4F}
	EndGlobalSection
EndGlobal
